
Microsoft Visual Studio Solution File, Format Version 12.00
# Visual Studio 14
VisualStudioVersion = 14.0.25123.0
MinimumVisualStudioVersion = 10.0.40219.1
Project("{FAE04EC0-301F-11D3-BF4B-00C04F79EFBC}") = "OA_Game.Web", "OA_Game.Web\OA_Game.Web.csproj", "{7FCF18EF-F8CE-4244-9675-68C618A4CB7D}"
EndProject
Project("{FAE04EC0-301F-11D3-BF4B-00C04F79EFBC}") = "OA_Game.Library", "OA_Game.Library\OA_Game.Library.csproj", "{B1C5DC39-0AAC-4485-BA8B-5CDA60033485}"
EndProject
Project("{FAE04EC0-301F-11D3-BF4B-00C04F79EFBC}") = "OA_Game.Service", "OA_Game.Service\OA_Game.Service.csproj", "{A9CF6C98-C48C-4BEC-89F1-DA7851CDF872}"
EndProject
Global
	GlobalSection(SolutionConfigurationPlatforms) = preSolution
		Debug|Any CPU = Debug|Any CPU
		Release|Any CPU = Release|Any CPU
	EndGlobalSection
	GlobalSection(ProjectConfigurationPlatforms) = postSolution
		{7FCF18EF-F8CE-4244-9675-68C618A4CB7D}.Debug|Any CPU.ActiveCfg = Debug|Any CPU
		{7FCF18EF-F8CE-4244-9675-68C618A4CB7D}.Debug|Any CPU.Build.0 = Debug|Any CPU
		{7FCF18EF-F8CE-4244-9675-68C618A4CB7D}.Release|Any CPU.ActiveCfg = Release|Any CPU
		{7FCF18EF-F8CE-4244-9675-68C618A4CB7D}.Release|Any CPU.Build.0 = Release|Any CPU
		{B1C5DC39-0AAC-4485-BA8B-5CDA60033485}.Debug|Any CPU.ActiveCfg = Debug|Any CPU
		{B1C5DC39-0AAC-4485-BA8B-5CDA60033485}.Debug|Any CPU.Build.0 = Debug|Any CPU
		{B1C5DC39-0AAC-4485-BA8B-5CDA60033485}.Release|Any CPU.ActiveCfg = Release|Any CPU
		{B1C5DC39-0AAC-4485-BA8B-5CDA60033485}.Release|Any CPU.Build.0 = Release|Any CPU
		{A9CF6C98-C48C-4BEC-89F1-DA7851CDF872}.Debug|Any CPU.ActiveCfg = Debug|Any CPU
		{A9CF6C98-C48C-4BEC-89F1-DA7851CDF872}.Debug|Any CPU.Build.0 = Debug|Any CPU
		{A9CF6C98-C48C-4BEC-89F1-DA7851CDF872}.Release|Any CPU.ActiveCfg = Release|Any CPU
		{A9CF6C98-C48C-4BEC-89F1-DA7851CDF872}.Release|Any CPU.Build.0 = Release|Any CPU
	EndGlobalSection
	GlobalSection(SolutionProperties) = preSolution
		HideSolutionNode = FALSE
	EndGlobalSection
EndGlobal
